<?xml version="1.0" encoding="utf-8"?>
<Project ToolsVersion="4.0" xmlns="http://schemas.microsoft.com/developer/msbuild/2003">
  <ItemGroup>
    <Filter Include="Source Files">
      <UniqueIdentifier>{4FC737F1-C7A5-4376-A066-2A32D752A2FF}</UniqueIdentifier>
      <Extensions>cpp;c;cc;cxx;def;odl;idl;hpj;bat;asm;asmx</Extensions>
    </Filter>
    <Filter Include="Header Files">
      <UniqueIdentifier>{93995380-89BD-4b04-88EB-625FBE52EBFB}</UniqueIdentifier>
      <Extensions>h;hh;hpp;hxx;hm;inl;inc;xsd</Extensions>
    </Filter>
    <Filter Include="Resource Files">
      <UniqueIdentifier>{67DA6AB6-F800-4c08-8B7A-83BB121AAD01}</UniqueIdentifier>
      <Extensions>rc;ico;cur;bmp;dlg;rc2;rct;bin;rgs;gif;jpg;jpeg;jpe;resx;tiff;tif;png;wav</Extensions>
    </Filter>
  </ItemGroup>
  <ItemGroup>
    <ClCompile Include="src\Penalty_CVRPTW.c">
      <Filter>Source Files</Filter>
    </ClCompile>
    <ClCompile Include="src\RestoreTour.c">
      <Filter>Source Files</Filter>
    </ClCompile>
    <ClCompile Include="src\SolveKMeansSubproblems.c">
      <Filter>Source Files</Filter>
    </ClCompile>
    <ClCompile Include="src\IsCommonEdge.c">
      <Filter>Source Files</Filter>
    </ClCompile>
    <ClCompile Include="src\Penalty_TSPPD.c">
      <Filter>Source Files</Filter>
    </ClCompile>
    <ClCompile Include="src\ReadProblem.c">
      <Filter>Source Files</Filter>
    </ClCompile>
    <ClCompile Include="src\BestKOptMove.c">
      <Filter>Source Files</Filter>
    </ClCompile>
    <ClCompile Include="src\Distance_SPECIAL.c">
      <Filter>Source Files</Filter>
    </ClCompile>
    <ClCompile Include="src\Penalty_TSPDL.c">
      <Filter>Source Files</Filter>
    </ClCompile>
    <ClCompile Include="src\Penalty_PDPTW.c">
      <Filter>Source Files</Filter>
    </ClCompile>
    <ClCompile Include="src\Penalty_ACVRP.c">
      <Filter>Source Files</Filter>
    </ClCompile>
    <ClCompile Include="src\CreateCandidateSet.c">
      <Filter>Source Files</Filter>
    </ClCompile>
    <ClCompile Include="src\Forbidden.c">
      <Filter>Source Files</Filter>
    </ClCompile>
    <ClCompile Include="src\Penalty_CCVRP.c">
      <Filter>Source Files</Filter>
    </ClCompile>
    <ClCompile Include="src\Penalty_M_PDTSP.c">
      <Filter>Source Files</Filter>
    </ClCompile>
    <ClCompile Include="src\Best5OptMove.c">
      <Filter>Source Files</Filter>
    </ClCompile>
    <ClCompile Include="src\RecordBetterTour.c">
      <Filter>Source Files</Filter>
    </ClCompile>
    <ClCompile Include="src\Best4OptMove.c">
      <Filter>Source Files</Filter>
    </ClCompile>
    <ClCompile Include="src\Exclude.c">
      <Filter>Source Files</Filter>
    </ClCompile>
    <ClCompile Include="src\C.c">
      <Filter>Source Files</Filter>
    </ClCompile>
    <ClCompile Include="src\IsCandidate.c">
      <Filter>Source Files</Filter>
    </ClCompile>
    <ClCompile Include="src\Make3OptMove.c">
      <Filter>Source Files</Filter>
    </ClCompile>
    <ClCompile Include="src\Make2OptMove.c">
      <Filter>Source Files</Filter>
    </ClCompile>
    <ClCompile Include="src\ResetCandidateSet.c">
      <Filter>Source Files</Filter>
    </ClCompile>
    <ClCompile Include="src\LKHmain.c">
      <Filter>Source Files</Filter>
    </ClCompile>
    <ClCompile Include="src\SolveSFCSubproblems.c">
      <Filter>Source Files</Filter>
    </ClCompile>
    <ClCompile Include="src\ERXT.c">
      <Filter>Source Files</Filter>
    </ClCompile>
    <ClCompile Include="src\fscanint.c">
      <Filter>Source Files</Filter>
    </ClCompile>
    <ClCompile Include="src\eprintf.c">
      <Filter>Source Files</Filter>
    </ClCompile>
    <ClCompile Include="src\Distance_SOP.c">
      <Filter>Source Files</Filter>
    </ClCompile>
    <ClCompile Include="src\Distance_MTSP.c">
      <Filter>Source Files</Filter>
    </ClCompile>
    <ClCompile Include="src\Penalty_VRPPD.c">
      <Filter>Source Files</Filter>
    </ClCompile>
    <ClCompile Include="src\SINTEF_WriteSolution.c">
      <Filter>Source Files</Filter>
    </ClCompile>
    <ClCompile Include="src\Gain23.c">
      <Filter>Source Files</Filter>
    </ClCompile>
    <ClCompile Include="src\Heap.c">
      <Filter>Source Files</Filter>
    </ClCompile>
    <ClCompile Include="src\GetTime.c">
      <Filter>Source Files</Filter>
    </ClCompile>
    <ClCompile Include="src\SolveRoheSubproblems.c">
      <Filter>Source Files</Filter>
    </ClCompile>
    <ClCompile Include="src\ReadPenalties.c">
      <Filter>Source Files</Filter>
    </ClCompile>
    <ClCompile Include="src\Excludable.c">
      <Filter>Source Files</Filter>
    </ClCompile>
    <ClCompile Include="src\SolveCompressedSubproblem.c">
      <Filter>Source Files</Filter>
    </ClCompile>
    <ClCompile Include="src\Statistics.c">
      <Filter>Source Files</Filter>
    </ClCompile>
    <ClCompile Include="src\PatchCycles.c">
      <Filter>Source Files</Filter>
    </ClCompile>
    <ClCompile Include="src\MergeWithTourGPX2.c">
      <Filter>Source Files</Filter>
    </ClCompile>
    <ClCompile Include="src\Sequence.c">
      <Filter>Source Files</Filter>
    </ClCompile>
    <ClCompile Include="src\SolveDelaunaySubproblems.c">
      <Filter>Source Files</Filter>
    </ClCompile>
    <ClCompile Include="src\WritePenalties.c">
      <Filter>Source Files</Filter>
    </ClCompile>
    <ClCompile Include="src\NormalizeNodeList.c">
      <Filter>Source Files</Filter>
    </ClCompile>
    <ClCompile Include="src\FreeStructures.c">
      <Filter>Source Files</Filter>
    </ClCompile>
    <ClCompile Include="src\SolveKarpSubproblems.c">
      <Filter>Source Files</Filter>
    </ClCompile>
    <ClCompile Include="src\CVRP_InitialTour.c">
      <Filter>Source Files</Filter>
    </ClCompile>
    <ClCompile Include="src\Between_SL.c">
      <Filter>Source Files</Filter>
    </ClCompile>
    <ClCompile Include="src\Penalty_OVRP.c">
      <Filter>Source Files</Filter>
    </ClCompile>
    <ClCompile Include="src\SOP_InitialTour.c">
      <Filter>Source Files</Filter>
    </ClCompile>
    <ClCompile Include="src\Penalty_MLP.c">
      <Filter>Source Files</Filter>
    </ClCompile>
    <ClCompile Include="src\IsPossibleCandidate.c">
      <Filter>Source Files</Filter>
    </ClCompile>
    <ClCompile Include="src\Penalty_VRPBTW.c">
      <Filter>Source Files</Filter>
    </ClCompile>
    <ClCompile Include="src\NormalizeSegmentList.c">
      <Filter>Source Files</Filter>
    </ClCompile>
    <ClCompile Include="src\Penalty_BWTSP.c">
      <Filter>Source Files</Filter>
    </ClCompile>
    <ClCompile Include="src\STTSP2TSP.c">
      <Filter>Source Files</Filter>
    </ClCompile>
    <ClCompile Include="src\Hashing.c">
      <Filter>Source Files</Filter>
    </ClCompile>
    <ClCompile Include="src\LinKernighan.c">
      <Filter>Source Files</Filter>
    </ClCompile>
    <ClCompile Include="src\Penalty_CVRP.c">
      <Filter>Source Files</Filter>
    </ClCompile>
    <ClCompile Include="src\gpx.c">
      <Filter>Source Files</Filter>
    </ClCompile>
    <ClCompile Include="src\AdjustCandidateSet.c">
      <Filter>Source Files</Filter>
    </ClCompile>
    <ClCompile Include="src\AllocateStructures.c">
      <Filter>Source Files</Filter>
    </ClCompile>
    <ClCompile Include="src\Flip_SSL.c">
      <Filter>Source Files</Filter>
    </ClCompile>
    <ClCompile Include="src\MakeKOptMove.c">
      <Filter>Source Files</Filter>
    </ClCompile>
    <ClCompile Include="src\BuildKDTree.c">
      <Filter>Source Files</Filter>
    </ClCompile>
    <ClCompile Include="src\SolveTourSegmentSubproblems.c">
      <Filter>Source Files</Filter>
    </ClCompile>
    <ClCompile Include="src\Random.c">
      <Filter>Source Files</Filter>
    </ClCompile>
    <ClCompile Include="src\CreateDelaunayCandidateSet.c">
      <Filter>Source Files</Filter>
    </ClCompile>
    <ClCompile Include="src\MTSP_WriteSolution.c">
      <Filter>Source Files</Filter>
    </ClCompile>
    <ClCompile Include="src\Penalty_PDTSPF.c">
      <Filter>Source Files</Filter>
    </ClCompile>
    <ClCompile Include="src\SolveSubproblemBorderProblems.c">
      <Filter>Source Files</Filter>
    </ClCompile>
    <ClCompile Include="src\Penalty_PDTSPL.c">
      <Filter>Source Files</Filter>
    </ClCompile>
    <ClCompile Include="src\ReadParameters.c">
      <Filter>Source Files</Filter>
    </ClCompile>
    <ClCompile Include="src\MTSP_Report.c">
      <Filter>Source Files</Filter>
    </ClCompile>
    <ClCompile Include="src\Penalty_TRP.c">
      <Filter>Source Files</Filter>
    </ClCompile>
    <ClCompile Include="src\FixedOrCommonCandidates.c">
      <Filter>Source Files</Filter>
    </ClCompile>
    <ClCompile Include="src\Penalty_CTSP.c">
      <Filter>Source Files</Filter>
    </ClCompile>
    <ClCompile Include="src\Penalty_SOP.c">
      <Filter>Source Files</Filter>
    </ClCompile>
    <ClCompile Include="src\Best2OptMove.c">
      <Filter>Source Files</Filter>
    </ClCompile>
    <ClCompile Include="src\Best3OptMove.c">
      <Filter>Source Files</Filter>
    </ClCompile>
    <ClCompile Include="src\ReadCandidates.c">
      <Filter>Source Files</Filter>
    </ClCompile>
    <ClCompile Include="src\Make4OptMove.c">
      <Filter>Source Files</Filter>
    </ClCompile>
    <ClCompile Include="src\Make5OptMove.c">
      <Filter>Source Files</Filter>
    </ClCompile>
    <ClCompile Include="src\CreateNNCandidateSet.c">
      <Filter>Source Files</Filter>
    </ClCompile>
    <ClCompile Include="src\GenerateCandidates.c">
      <Filter>Source Files</Filter>
    </ClCompile>
    <ClCompile Include="src\Between.c">
      <Filter>Source Files</Filter>
    </ClCompile>
    <ClCompile Include="src\Flip_SL.c">
      <Filter>Source Files</Filter>
    </ClCompile>
    <ClCompile Include="src\SOP_RepairTour.c">
      <Filter>Source Files</Filter>
    </ClCompile>
    <ClCompile Include="src\Activate.c">
      <Filter>Source Files</Filter>
    </ClCompile>
    <ClCompile Include="src\SegmentSize.c">
      <Filter>Source Files</Filter>
    </ClCompile>
    <ClCompile Include="src\SolveSubproblem.c">
      <Filter>Source Files</Filter>
    </ClCompile>
    <ClCompile Include="src\MergeWithTourIPT.c">
      <Filter>Source Files</Filter>
    </ClCompile>
    <ClCompile Include="src\StoreTour.c">
      <Filter>Source Files</Filter>
    </ClCompile>
    <ClCompile Include="src\GreedyTour.c">
      <Filter>Source Files</Filter>
    </ClCompile>
    <ClCompile Include="src\PrintParameters.c">
      <Filter>Source Files</Filter>
    </ClCompile>
    <ClCompile Include="src\Penalty_M1_PDTSP.c">
      <Filter>Source Files</Filter>
    </ClCompile>
    <ClCompile Include="src\SFCTour.c">
      <Filter>Source Files</Filter>
    </ClCompile>
    <ClCompile Include="src\Penalty_PDTSP.c">
      <Filter>Source Files</Filter>
    </ClCompile>
    <ClCompile Include="src\Penalty_VRPB.c">
      <Filter>Source Files</Filter>
    </ClCompile>
    <ClCompile Include="src\Minimum1TreeCost.c">
      <Filter>Source Files</Filter>
    </ClCompile>
    <ClCompile Include="src\MTSP2TSP.c">
      <Filter>Source Files</Filter>
    </ClCompile>
    <ClCompile Include="src\MergeTourWithBestTour.c">
      <Filter>Source Files</Filter>
    </ClCompile>
    <ClCompile Include="src\ReadEdges.c">
      <Filter>Source Files</Filter>
    </ClCompile>
    <ClCompile Include="src\BridgeGain.c">
      <Filter>Source Files</Filter>
    </ClCompile>
    <ClCompile Include="src\WriteCandidates.c">
      <Filter>Source Files</Filter>
    </ClCompile>
    <ClCompile Include="src\PDPTW_Reduce.c">
      <Filter>Source Files</Filter>
    </ClCompile>
    <ClCompile Include="src\Flip.c">
      <Filter>Source Files</Filter>
    </ClCompile>
    <ClCompile Include="src\WriteTour.c">
      <Filter>Source Files</Filter>
    </ClCompile>
    <ClCompile Include="src\Delaunay.c">
      <Filter>Source Files</Filter>
    </ClCompile>
    <ClCompile Include="src\TSPDL_InitialTour.c">
      <Filter>Source Files</Filter>
    </ClCompile>
    <ClCompile Include="src\VRPB_Reduce.c">
      <Filter>Source Files</Filter>
    </ClCompile>
    <ClCompile Include="src\CreateQuadrantCandidateSet.c">
      <Filter>Source Files</Filter>
    </ClCompile>
    <ClCompile Include="src\IsBackboneCandidate.c">
      <Filter>Source Files</Filter>
    </ClCompile>
    <ClCompile Include="src\Penalty_MTSP.c">
      <Filter>Source Files</Filter>
    </ClCompile>
    <ClCompile Include="src\ReadLine.c">
      <Filter>Source Files</Filter>
    </ClCompile>
    <ClCompile Include="src\RecordBestTour.c">
      <Filter>Source Files</Filter>
    </ClCompile>
    <ClCompile Include="src\CandidateReport.c">
      <Filter>Source Files</Filter>
    </ClCompile>
    <ClCompile Include="src\OrderCandidateSet.c">
      <Filter>Source Files</Filter>
    </ClCompile>
    <ClCompile Include="src\CTSP_InitialTour.c">
      <Filter>Source Files</Filter>
    </ClCompile>
    <ClCompile Include="src\AddExtraCandidates.c">
      <Filter>Source Files</Filter>
    </ClCompile>
    <ClCompile Include="src\Distance.c">
      <Filter>Source Files</Filter>
    </ClCompile>
    <ClCompile Include="src\Genetic.c">
      <Filter>Source Files</Filter>
    </ClCompile>
    <ClCompile Include="src\AdjustClusters.c">
      <Filter>Source Files</Filter>
    </ClCompile>
    <ClCompile Include="src\AddTourCandidates.c">
      <Filter>Source Files</Filter>
    </ClCompile>
    <ClCompile Include="src\BIT.c">
      <Filter>Source Files</Filter>
    </ClCompile>
    <ClCompile Include="src\KSwapKick.c">
      <Filter>Source Files</Filter>
    </ClCompile>
    <ClCompile Include="src\Connect.c">
      <Filter>Source Files</Filter>
    </ClCompile>
    <ClCompile Include="src\RemoveFirstActive.c">
      <Filter>Source Files</Filter>
    </ClCompile>
    <ClCompile Include="src\Ascent.c">
      <Filter>Source Files</Filter>
    </ClCompile>
    <ClCompile Include="src\TrimCandidateSet.c">
      <Filter>Source Files</Filter>
    </ClCompile>
    <ClCompile Include="src\StatusReport.c">
      <Filter>Source Files</Filter>
    </ClCompile>
    <ClCompile Include="src\TSPTW_Reduce.c">
      <Filter>Source Files</Filter>
    </ClCompile>
    <ClCompile Include="src\printff.c">
      <Filter>Source Files</Filter>
    </ClCompile>
    <ClCompile Include="src\Between_SSL.c">
      <Filter>Source Files</Filter>
    </ClCompile>
    <ClCompile Include="src\SOP_Report.c">
      <Filter>Source Files</Filter>
    </ClCompile>
    <ClCompile Include="src\Create_POPMUSIC_CandidateSet.c">
      <Filter>Source Files</Filter>
    </ClCompile>
    <ClCompile Include="src\MTSP_InitialTour.c">
      <Filter>Source Files</Filter>
    </ClCompile>
    <ClCompile Include="src\Improvement.c">
      <Filter>Source Files</Filter>
    </ClCompile>
    <ClCompile Include="src\GeoConversion.c">
      <Filter>Source Files</Filter>
    </ClCompile>
    <ClCompile Include="src\FindTour.c">
      <Filter>Source Files</Filter>
    </ClCompile>
    <ClCompile Include="src\TSPTW_MakespanCost.c">
      <Filter>Source Files</Filter>
    </ClCompile>
    <ClCompile Include="src\SymmetrizeCandidateSet.c">
      <Filter>Source Files</Filter>
    </ClCompile>
    <ClCompile Include="src\ChooseInitialTour.c">
      <Filter>Source Files</Filter>
    </ClCompile>
    <ClCompile Include="src\SolveKCenterSubproblems.c">
      <Filter>Source Files</Filter>
    </ClCompile>
    <ClCompile Include="src\Penalty_1_PDTSP.c">
      <Filter>Source Files</Filter>
    </ClCompile>
    <ClCompile Include="src\AddCandidate.c">
      <Filter>Source Files</Filter>
    </ClCompile>
    <ClCompile Include="src\Penalty_TSPTW.c">
      <Filter>Source Files</Filter>
    </ClCompile>
    <ClCompile Include="src\Penalty_RCTVRP.c">
      <Filter>Source Files</Filter>
    </ClCompile>
    <ClCompile Include="src\MinimumSpanningTree.c">
      <Filter>Source Files</Filter>
    </ClCompile>
    <ClCompile Include="src\BestSpecialOptMove.c">
      <Filter>Source Files</Filter>
    </ClCompile>
    <ClCompile Include="SRC\LKH.c">
      <Filter>Source Files</Filter>
    </ClCompile>
    <ClCompile Include="SRC\MergeWithTourCLARIST.c">
      <Filter>Source Files</Filter>
    </ClCompile>
    <ClCompile Include="SRC\Penalty_KTSP.c">
      <Filter>Source Files</Filter>
    </ClCompile>
  </ItemGroup>
  <ItemGroup>
    <ClInclude Include="src\include\Genetic.h">
      <Filter>Header Files</Filter>
    </ClInclude>
    <ClInclude Include="src\include\Segment.h">
      <Filter>Header Files</Filter>
    </ClInclude>
    <ClInclude Include="src\include\Delaunay.h">
      <Filter>Header Files</Filter>
    </ClInclude>
    <ClInclude Include="src\include\GeoConversion.h">
      <Filter>Header Files</Filter>
    </ClInclude>
    <ClInclude Include="src\include\LKH.h">
      <Filter>Header Files</Filter>
    </ClInclude>
    <ClInclude Include="src\include\BIT.h">
      <Filter>Header Files</Filter>
    </ClInclude>
    <ClInclude Include="src\include\Sequence.h">
      <Filter>Header Files</Filter>
    </ClInclude>
    <ClInclude Include="src\include\GainType.h">
      <Filter>Header Files</Filter>
    </ClInclude>
    <ClInclude Include="src\include\Heap.h">
      <Filter>Header Files</Filter>
    </ClInclude>
    <ClInclude Include="src\include\Hashing.h">
      <Filter>Header Files</Filter>
    </ClInclude>
    <ClInclude Include="src\include\gpx.h">
      <Filter>Header Files</Filter>
    </ClInclude>
    <ClInclude Include="SRC\INCLUDE\CLARIST.h">
      <Filter>Header Files</Filter>
    </ClInclude>
  </ItemGroup>
</Project>